
Microsoft Visual Studio Solution File, Format Version 12.00
# Visual Studio 2015
Project("{FAE04EC0-301F-11D3-BF4B-00C04F79EFBC}") = "TheTaleOfTheBrokenWorld.CSharp", "TheTaleOfTheBrokenWorld.CSharp.csproj", "{CE1FCE37-E7F8-B1A4-4837-F3EA77C81309}"
EndProject
Project("{FAE04EC0-301F-11D3-BF4B-00C04F79EFBC}") = "TheTaleOfTheBrokenWorld.CSharp.Editor", "TheTaleOfTheBrokenWorld.CSharp.Editor.csproj", "{EB59423F-3344-4261-AB91-181AFDB8D623}"
EndProject
Global
	GlobalSection(SolutionConfigurationPlatforms) = preSolution
		Debug|Any CPU = Debug|Any CPU
		Release|Any CPU = Release|Any CPU
	EndGlobalSection
	GlobalSection(ProjectConfigurationPlatforms) = postSolution
		{CE1FCE37-E7F8-B1A4-4837-F3EA77C81309}.Debug|Any CPU.ActiveCfg = Debug|Any CPU
		{CE1FCE37-E7F8-B1A4-4837-F3EA77C81309}.Debug|Any CPU.Build.0 = Debug|Any CPU
		{CE1FCE37-E7F8-B1A4-4837-F3EA77C81309}.Release|Any CPU.ActiveCfg = Release|Any CPU
		{CE1FCE37-E7F8-B1A4-4837-F3EA77C81309}.Release|Any CPU.Build.0 = Release|Any CPU
		{EB59423F-3344-4261-AB91-181AFDB8D623}.Debug|Any CPU.ActiveCfg = Debug|Any CPU
		{EB59423F-3344-4261-AB91-181AFDB8D623}.Debug|Any CPU.Build.0 = Debug|Any CPU
		{EB59423F-3344-4261-AB91-181AFDB8D623}.Release|Any CPU.ActiveCfg = Release|Any CPU
		{EB59423F-3344-4261-AB91-181AFDB8D623}.Release|Any CPU.Build.0 = Release|Any CPU
	EndGlobalSection
	GlobalSection(SolutionProperties) = preSolution
		HideSolutionNode = FALSE
	EndGlobalSection
EndGlobal
